{"1.1.0",
[{<<"cowboy">>,{pkg,<<"cowboy">>,<<"2.4.0">>},0},
 {<<"cowlib">>,{pkg,<<"cowlib">>,<<"2.3.0">>},1},
 {<<"ct_msg">>,
  {git,"https://github.com/CargoTube/ct_msg.git",
       {ref,"9173add4f199361433492631edea76e06034e5ad"}},
  0},
 {<<"ct_router_if">>,
  {git,"https://github.com/CargoTube/ct_router_if.git",
       {ref,"8eabe7269e2169f551d51c44edd1609a048970c3"}},
  0},
 {<<"ct_stats">>,
  {git,"https://github.com/CargoTube/ct_stats.git",
       {ref,"f205a05f3e5079c03a2a67bea5f8a0586ee414ec"}},
  0},
 {<<"eper">>,{pkg,<<"eper">>,<<"0.99.1">>},0},
 {<<"goldrush">>,{pkg,<<"goldrush">>,<<"0.1.9">>},1},
 {<<"jsone">>,{pkg,<<"jsone">>,<<"1.4.7">>},1},
 {<<"lager">>,{pkg,<<"lager">>,<<"3.6.4">>},0},
 {<<"msgpack">>,{pkg,<<"msgpack">>,<<"0.7.0">>},1},
 {<<"ranch">>,{pkg,<<"ranch">>,<<"1.5.0">>},0}]}.
[
{pkg_hash,[
 {<<"cowboy">>, <<"F1B72FABE9C8A5FC64AC5AC85FB65474D64733D1DF52A26FAD5D4BA3D9F70A9F">>},
 {<<"cowlib">>, <<"BBD58EF537904E4F7C1DD62E6AA8BC831C8183CE4EFA9BD1150164FE15BE4CAA">>},
 {<<"eper">>, <<"A50698B6803B8732AD6575285320999FE73E160A1A9FF7EFCAB6B6F818BD2C1F">>},
 {<<"goldrush">>, <<"F06E5D5F1277DA5C413E84D5A2924174182FB108DABB39D5EC548B27424CD106">>},
 {<<"jsone">>, <<"A970C23D9700AE7842B526C57677E6E3F10894B429524696EAD547E9302391C0">>},
 {<<"lager">>, <<"CED6E98070FB4E58EE93174D006D46479C79844DF7FC17FA4FEFC1049A320D88">>},
 {<<"msgpack">>, <<"128AE0A2227C7E7A2847C0F0F73551C268464F8C1EE96BFFB920BC0A5712B295">>},
 {<<"ranch">>, <<"F04166F456790FEE2AC1AA05A02745CC75783C2BFB26D39FAF6AEFC9A3D3A58A">>}]}
].
