{"1.1.0",
[{<<"cowboy">>,{pkg,<<"cowboy">>,<<"2.3.0">>},0},
 {<<"cowlib">>,{pkg,<<"cowlib">>,<<"2.2.1">>},1},
 {<<"ct_msg">>,
  {git,"https://github.com/CargoTube/ct_msg.git",
       {ref,"9a2d2dcd514dc34e28e38288db477279c72a22bf"}},
  0},
 {<<"ct_router_if">>,
  {git,"https://github.com/CargoTube/ct_router_if.git",
       {ref,"2a65dc2109b15b329aeabf2d354166ae1e01ecb4"}},
  0},
 {<<"ct_stats">>,
  {git,"https://github.com/CargoTube/ct_stats.git",
       {ref,"f668b29adadc9536d1f0960f8f3b8008125adbc6"}},
  0},
 {<<"eper">>,{pkg,<<"eper">>,<<"0.99.1">>},0},
 {<<"goldrush">>,{pkg,<<"goldrush">>,<<"0.1.9">>},1},
 {<<"jsone">>,{pkg,<<"jsone">>,<<"1.4.7">>},1},
 {<<"lager">>,{pkg,<<"lager">>,<<"3.5.1">>},0},
 {<<"msgpack">>,{pkg,<<"msgpack">>,<<"0.7.0">>},1},
 {<<"ranch">>,{pkg,<<"ranch">>,<<"1.4.0">>},0}]}.
[
{pkg_hash,[
 {<<"cowboy">>, <<"268429481D6F41AD5564ADE4A2439C284B569083FCA0D19078AD4F56B4624724">>},
 {<<"cowlib">>, <<"1AFA5B233CEE8F642C153EC6F1DC48DB0DD9A43E2114BC8B43E9D59636F6AE1F">>},
 {<<"eper">>, <<"A50698B6803B8732AD6575285320999FE73E160A1A9FF7EFCAB6B6F818BD2C1F">>},
 {<<"goldrush">>, <<"F06E5D5F1277DA5C413E84D5A2924174182FB108DABB39D5EC548B27424CD106">>},
 {<<"jsone">>, <<"A970C23D9700AE7842B526C57677E6E3F10894B429524696EAD547E9302391C0">>},
 {<<"lager">>, <<"63897A61AF646C59BB928FEE9756CE8BDD02D5A1A2F3551D4A5E38386C2CC071">>},
 {<<"msgpack">>, <<"128AE0A2227C7E7A2847C0F0F73551C268464F8C1EE96BFFB920BC0A5712B295">>},
 {<<"ranch">>, <<"10272F95DA79340FA7E8774BA7930B901713D272905D0012B06CA6D994F8826B">>}]}
].
